
Microsoft Visual Studio Solution File, Format Version 12.00
# Visual Studio 14
VisualStudioVersion = 14.0.25420.1
MinimumVisualStudioVersion = 10.0.40219.1
Project("{FAE04EC0-301F-11D3-BF4B-00C04F79EFBC}") = "CSharpLibrary", "CSharpLibrary\CSharpLibrary.csproj", "{61D96E3C-0EC2-405E-9B49-50B8322CFCF8}"
EndProject
Project("{FAE04EC0-301F-11D3-BF4B-00C04F79EFBC}") = "01_BasicTypes", "BasicTypes\01_BasicTypes.csproj", "{3A36C662-7C26-4FF5-AA05-B793C024DAC3}"
EndProject
Project("{FAE04EC0-301F-11D3-BF4B-00C04F79EFBC}") = "01_BasicTypes_Strings", "BasicTypes_Strings\01_BasicTypes_Strings.csproj", "{7C63959E-CCF4-44C0-9138-645849A84243}"
EndProject
Project("{FAE04EC0-301F-11D3-BF4B-00C04F79EFBC}") = "01_BasicTypes_DataConversion", "BasicTypes_DataConversion\01_BasicTypes_DataConversion.csproj", "{A81ED9B0-D7FD-43EC-AB3F-2A8A3638C4D8}"
EndProject
Project("{FAE04EC0-301F-11D3-BF4B-00C04F79EFBC}") = "02_Conditionals_Game 1", "Conditionals\02_Conditionals_Game 1.csproj", "{C464F615-18EB-446B-B939-A6C8495D137F}"
EndProject
Project("{FAE04EC0-301F-11D3-BF4B-00C04F79EFBC}") = "02_Conditionals_Game 2", "Game 2\02_Conditionals_Game 2.csproj", "{314CC020-B45D-4624-AA0F-577C2ED7484D}"
EndProject
Global
	GlobalSection(SolutionConfigurationPlatforms) = preSolution
		Debug|Any CPU = Debug|Any CPU
		Release|Any CPU = Release|Any CPU
	EndGlobalSection
	GlobalSection(ProjectConfigurationPlatforms) = postSolution
		{61D96E3C-0EC2-405E-9B49-50B8322CFCF8}.Debug|Any CPU.ActiveCfg = Debug|Any CPU
		{61D96E3C-0EC2-405E-9B49-50B8322CFCF8}.Debug|Any CPU.Build.0 = Debug|Any CPU
		{61D96E3C-0EC2-405E-9B49-50B8322CFCF8}.Release|Any CPU.ActiveCfg = Release|Any CPU
		{61D96E3C-0EC2-405E-9B49-50B8322CFCF8}.Release|Any CPU.Build.0 = Release|Any CPU
		{3A36C662-7C26-4FF5-AA05-B793C024DAC3}.Debug|Any CPU.ActiveCfg = Debug|Any CPU
		{3A36C662-7C26-4FF5-AA05-B793C024DAC3}.Debug|Any CPU.Build.0 = Debug|Any CPU
		{3A36C662-7C26-4FF5-AA05-B793C024DAC3}.Release|Any CPU.ActiveCfg = Release|Any CPU
		{3A36C662-7C26-4FF5-AA05-B793C024DAC3}.Release|Any CPU.Build.0 = Release|Any CPU
		{7C63959E-CCF4-44C0-9138-645849A84243}.Debug|Any CPU.ActiveCfg = Debug|Any CPU
		{7C63959E-CCF4-44C0-9138-645849A84243}.Debug|Any CPU.Build.0 = Debug|Any CPU
		{7C63959E-CCF4-44C0-9138-645849A84243}.Release|Any CPU.ActiveCfg = Release|Any CPU
		{7C63959E-CCF4-44C0-9138-645849A84243}.Release|Any CPU.Build.0 = Release|Any CPU
		{A81ED9B0-D7FD-43EC-AB3F-2A8A3638C4D8}.Debug|Any CPU.ActiveCfg = Debug|Any CPU
		{A81ED9B0-D7FD-43EC-AB3F-2A8A3638C4D8}.Debug|Any CPU.Build.0 = Debug|Any CPU
		{A81ED9B0-D7FD-43EC-AB3F-2A8A3638C4D8}.Release|Any CPU.ActiveCfg = Release|Any CPU
		{A81ED9B0-D7FD-43EC-AB3F-2A8A3638C4D8}.Release|Any CPU.Build.0 = Release|Any CPU
		{C464F615-18EB-446B-B939-A6C8495D137F}.Debug|Any CPU.ActiveCfg = Debug|Any CPU
		{C464F615-18EB-446B-B939-A6C8495D137F}.Debug|Any CPU.Build.0 = Debug|Any CPU
		{C464F615-18EB-446B-B939-A6C8495D137F}.Release|Any CPU.ActiveCfg = Release|Any CPU
		{C464F615-18EB-446B-B939-A6C8495D137F}.Release|Any CPU.Build.0 = Release|Any CPU
		{314CC020-B45D-4624-AA0F-577C2ED7484D}.Debug|Any CPU.ActiveCfg = Debug|Any CPU
		{314CC020-B45D-4624-AA0F-577C2ED7484D}.Debug|Any CPU.Build.0 = Debug|Any CPU
		{314CC020-B45D-4624-AA0F-577C2ED7484D}.Release|Any CPU.ActiveCfg = Release|Any CPU
		{314CC020-B45D-4624-AA0F-577C2ED7484D}.Release|Any CPU.Build.0 = Release|Any CPU
	EndGlobalSection
	GlobalSection(SolutionProperties) = preSolution
		HideSolutionNode = FALSE
	EndGlobalSection
EndGlobal
